hash: 76132f620d0d09a54a0f0c37507ead02abd278326d22d7786f7be180d3a07992
updated: 2017-11-15T23:16:28.363456+05:30
imports:
- name: github.com/gorilla/context
  version: 215affda49addc4c8ef7e2534915df2c8c35c6cd
- name: github.com/gorilla/mux
  version: 7f08801859139f86dfafd1c296e2cba9a80d292e
- name: github.com/urfave/cli
  version: cfb38830724cc34fedffe9a2a29fb54fa9169cd1
testImports: []
